
Microsoft Visual Studio Solution File, Format Version 12.00
# Visual Studio 15
VisualStudioVersion = 15.0.28307.539
MinimumVisualStudioVersion = 10.0.40219.1
Project("{FAE04EC0-301F-11D3-BF4B-00C04F79EFBC}") = "WpfApp2", "WpfApp2\WpfApp2.csproj", "{77FC21CF-C449-4371-A5F6-0E67A11D4231}"
EndProject
Global
	GlobalSection(SolutionConfigurationPlatforms) = preSolution
		Debug|Any CPU = Debug|Any CPU
		Release|Any CPU = Release|Any CPU
	EndGlobalSection
	GlobalSection(ProjectConfigurationPlatforms) = postSolution
		{77FC21CF-C449-4371-A5F6-0E67A11D4231}.Debug|Any CPU.ActiveCfg = Debug|Any CPU
		{77FC21CF-C449-4371-A5F6-0E67A11D4231}.Debug|Any CPU.Build.0 = Debug|Any CPU
		{77FC21CF-C449-4371-A5F6-0E67A11D4231}.Release|Any CPU.ActiveCfg = Release|Any CPU
		{77FC21CF-C449-4371-A5F6-0E67A11D4231}.Release|Any CPU.Build.0 = Release|Any CPU
	EndGlobalSection
	GlobalSection(SolutionProperties) = preSolution
		HideSolutionNode = FALSE
	EndGlobalSection
	GlobalSection(ExtensibilityGlobals) = postSolution
		SolutionGuid = {69C0E1A0-4A96-4DB8-92AF-0E57F6EA33CB}
	EndGlobalSection
EndGlobal
